
Microsoft Visual Studio Solution File, Format Version 11.00
# Visual Studio 2010
Project("{FAE04EC0-301F-11D3-BF4B-00C04F79EFBC}") = "Assembly-CSharp", "Assembly-CSharp.csproj", "{669DDAD1-7EEA-B580-7B36-E3BA28EA9593}"
EndProject
Project("{FAE04EC0-301F-11D3-BF4B-00C04F79EFBC}") = "Assembly-CSharp-Editor", "Assembly-CSharp-Editor.csproj", "{D9F0C5BD-DAFC-BC10-204A-E1F4C2C58843}"
EndProject
Global
	GlobalSection(SolutionConfigurationPlatforms) = preSolution
		Debug|Any CPU = Debug|Any CPU
		Release|Any CPU = Release|Any CPU
	EndGlobalSection
	GlobalSection(ProjectConfigurationPlatforms) = postSolution
		{669DDAD1-7EEA-B580-7B36-E3BA28EA9593}.Debug|Any CPU.ActiveCfg = Debug|Any CPU
		{669DDAD1-7EEA-B580-7B36-E3BA28EA9593}.Debug|Any CPU.Build.0 = Debug|Any CPU
		{669DDAD1-7EEA-B580-7B36-E3BA28EA9593}.Release|Any CPU.ActiveCfg = Release|Any CPU
		{669DDAD1-7EEA-B580-7B36-E3BA28EA9593}.Release|Any CPU.Build.0 = Release|Any CPU
		{D9F0C5BD-DAFC-BC10-204A-E1F4C2C58843}.Debug|Any CPU.ActiveCfg = Debug|Any CPU
		{D9F0C5BD-DAFC-BC10-204A-E1F4C2C58843}.Debug|Any CPU.Build.0 = Debug|Any CPU
		{D9F0C5BD-DAFC-BC10-204A-E1F4C2C58843}.Release|Any CPU.ActiveCfg = Release|Any CPU
		{D9F0C5BD-DAFC-BC10-204A-E1F4C2C58843}.Release|Any CPU.Build.0 = Release|Any CPU
	EndGlobalSection
	GlobalSection(SolutionProperties) = preSolution
		HideSolutionNode = FALSE
	EndGlobalSection
	GlobalSection(MonoDevelopProperties) = preSolution
		StartupItem = Assembly-CSharp.csproj
	EndGlobalSection
EndGlobal
