
Microsoft Visual Studio Solution File, Format Version 11.00
# Visual Studio 2010
Project("{FAE04EC0-301F-11D3-BF4B-00C04F79EFBC}") = "Proc Gen Map", "Assembly-CSharp.csproj", "{895721E8-70D2-A1F6-EE6A-6EBCEFBACB37}"
EndProject
Global
	GlobalSection(SolutionConfigurationPlatforms) = preSolution
		Debug|Any CPU = Debug|Any CPU
		Release|Any CPU = Release|Any CPU
	EndGlobalSection
	GlobalSection(ProjectConfigurationPlatforms) = postSolution
		{895721E8-70D2-A1F6-EE6A-6EBCEFBACB37}.Debug|Any CPU.ActiveCfg = Debug|Any CPU
		{895721E8-70D2-A1F6-EE6A-6EBCEFBACB37}.Debug|Any CPU.Build.0 = Debug|Any CPU
		{895721E8-70D2-A1F6-EE6A-6EBCEFBACB37}.Release|Any CPU.ActiveCfg = Release|Any CPU
		{895721E8-70D2-A1F6-EE6A-6EBCEFBACB37}.Release|Any CPU.Build.0 = Release|Any CPU
	EndGlobalSection
	GlobalSection(SolutionProperties) = preSolution
		HideSolutionNode = FALSE
	EndGlobalSection
	GlobalSection(MonoDevelopProperties) = preSolution
		StartupItem = Assembly-CSharp.csproj
	EndGlobalSection
EndGlobal
